
Microsoft Visual Studio Solution File, Format Version 12.00
# Visual Studio Version 16
VisualStudioVersion = 16.0.31605.320
MinimumVisualStudioVersion = 10.0.40219.1
Project("{FAE04EC0-301F-11D3-BF4B-00C04F79EFBC}") = "WebPruebaAPI", "WePruebaAPI\WebPruebaAPI.csproj", "{6E27F0BA-5C88-44BB-B0AE-0C20EA8579EA}"
EndProject
Global
	GlobalSection(SolutionConfigurationPlatforms) = preSolution
		Debug|Any CPU = Debug|Any CPU
		Release|Any CPU = Release|Any CPU
	EndGlobalSection
	GlobalSection(ProjectConfigurationPlatforms) = postSolution
		{6E27F0BA-5C88-44BB-B0AE-0C20EA8579EA}.Debug|Any CPU.ActiveCfg = Debug|Any CPU
		{6E27F0BA-5C88-44BB-B0AE-0C20EA8579EA}.Debug|Any CPU.Build.0 = Debug|Any CPU
		{6E27F0BA-5C88-44BB-B0AE-0C20EA8579EA}.Release|Any CPU.ActiveCfg = Release|Any CPU
		{6E27F0BA-5C88-44BB-B0AE-0C20EA8579EA}.Release|Any CPU.Build.0 = Release|Any CPU
	EndGlobalSection
	GlobalSection(SolutionProperties) = preSolution
		HideSolutionNode = FALSE
	EndGlobalSection
	GlobalSection(ExtensibilityGlobals) = postSolution
		SolutionGuid = {E92216C1-77E0-4C76-8195-FB92E5D8B7FF}
	EndGlobalSection
EndGlobal
